# Code generated by scarb DO NOT EDIT.
version = 1

[[package]]
name = "nogame"
version = "0.1.0"
dependencies = [
 "nogame_fixed",
 "openzeppelin",
 "snforge_std",
]

[[package]]
name = "nogame_fixed"
version = "0.1.0"
source = "git+https://github.com/ametel01/nogame-fixed.git?rev=9c1f2fa#9c1f2fa0100584f65d5d2ca4e1d69cc24e03586e"

[[package]]
name = "openzeppelin"
version = "0.9.0"
source = "git+https://github.com/openzeppelin/cairo-contracts?tag=v0.9.0#861fc416f87addbe23a3b47f9d19ab27c10d5dc8"

[[package]]
name = "snforge_std"
version = "0.17.1"
source = "git+https://github.com/foundry-rs/starknet-foundry.git?tag=v0.17.1#f3237f2325d5fd31fb066cbc18f279839521090c"
